
Microsoft Visual Studio Solution File, Format Version 12.00
# Visual Studio Version 16
VisualStudioVersion = 16.0.31025.194
MinimumVisualStudioVersion = 10.0.40219.1
Project("{9A19103F-16F7-4668-BE54-9A1E7A4F7556}") = "VisualBoard_Interface", "VisualBoard_Interface\VisualBoard_Interface.csproj", "{19596C89-9CFA-4B50-84DC-C2AEC7BA6438}"
EndProject
Project("{2150E333-8FDC-42A3-9474-1A3956D46DE8}") = "BusinessService", "BusinessService", "{0AE73685-213C-4D2F-AF92-E6775D49B5B8}"
EndProject
Project("{2150E333-8FDC-42A3-9474-1A3956D46DE8}") = "BusinessInterface", "BusinessInterface", "{8E5817BA-A456-46BC-81F4-5D4730E9F581}"
EndProject
Project("{9A19103F-16F7-4668-BE54-9A1E7A4F7556}") = "VisualBoard.Business.Service", "BusinessService\VisualBoard.Business.Service\VisualBoard.Business.Service.csproj", "{944671C9-E2A5-4A35-9A5B-19ED02096EE8}"
EndProject
Project("{9A19103F-16F7-4668-BE54-9A1E7A4F7556}") = "VisualBoard.Business.Interface", "BusinessInterface\VisualBoard.Business.Interface\VisualBoard.Business.Interface.csproj", "{E1D8C962-3099-435E-99FB-5404A187FC15}"
EndProject
Project("{2150E333-8FDC-42A3-9474-1A3956D46DE8}") = "Models", "Models", "{5DD92325-7F1F-4BF4-8819-5CB4F5C2D5B6}"
EndProject
Project("{9A19103F-16F7-4668-BE54-9A1E7A4F7556}") = "VisualBoard.Models", "Models\VisualBoard\VisualBoard.Models.csproj", "{76EBF658-4212-4FCA-810E-EE4A41012D78}"
EndProject
Global
	GlobalSection(SolutionConfigurationPlatforms) = preSolution
		Debug|Any CPU = Debug|Any CPU
		Release|Any CPU = Release|Any CPU
	EndGlobalSection
	GlobalSection(ProjectConfigurationPlatforms) = postSolution
		{19596C89-9CFA-4B50-84DC-C2AEC7BA6438}.Debug|Any CPU.ActiveCfg = Debug|Any CPU
		{19596C89-9CFA-4B50-84DC-C2AEC7BA6438}.Debug|Any CPU.Build.0 = Debug|Any CPU
		{19596C89-9CFA-4B50-84DC-C2AEC7BA6438}.Release|Any CPU.ActiveCfg = Release|Any CPU
		{19596C89-9CFA-4B50-84DC-C2AEC7BA6438}.Release|Any CPU.Build.0 = Release|Any CPU
		{944671C9-E2A5-4A35-9A5B-19ED02096EE8}.Debug|Any CPU.ActiveCfg = Debug|Any CPU
		{944671C9-E2A5-4A35-9A5B-19ED02096EE8}.Debug|Any CPU.Build.0 = Debug|Any CPU
		{944671C9-E2A5-4A35-9A5B-19ED02096EE8}.Release|Any CPU.ActiveCfg = Release|Any CPU
		{944671C9-E2A5-4A35-9A5B-19ED02096EE8}.Release|Any CPU.Build.0 = Release|Any CPU
		{E1D8C962-3099-435E-99FB-5404A187FC15}.Debug|Any CPU.ActiveCfg = Debug|Any CPU
		{E1D8C962-3099-435E-99FB-5404A187FC15}.Debug|Any CPU.Build.0 = Debug|Any CPU
		{E1D8C962-3099-435E-99FB-5404A187FC15}.Release|Any CPU.ActiveCfg = Release|Any CPU
		{E1D8C962-3099-435E-99FB-5404A187FC15}.Release|Any CPU.Build.0 = Release|Any CPU
		{76EBF658-4212-4FCA-810E-EE4A41012D78}.Debug|Any CPU.ActiveCfg = Debug|Any CPU
		{76EBF658-4212-4FCA-810E-EE4A41012D78}.Debug|Any CPU.Build.0 = Debug|Any CPU
		{76EBF658-4212-4FCA-810E-EE4A41012D78}.Release|Any CPU.ActiveCfg = Release|Any CPU
		{76EBF658-4212-4FCA-810E-EE4A41012D78}.Release|Any CPU.Build.0 = Release|Any CPU
	EndGlobalSection
	GlobalSection(SolutionProperties) = preSolution
		HideSolutionNode = FALSE
	EndGlobalSection
	GlobalSection(NestedProjects) = preSolution
		{944671C9-E2A5-4A35-9A5B-19ED02096EE8} = {0AE73685-213C-4D2F-AF92-E6775D49B5B8}
		{E1D8C962-3099-435E-99FB-5404A187FC15} = {8E5817BA-A456-46BC-81F4-5D4730E9F581}
		{76EBF658-4212-4FCA-810E-EE4A41012D78} = {5DD92325-7F1F-4BF4-8819-5CB4F5C2D5B6}
	EndGlobalSection
	GlobalSection(ExtensibilityGlobals) = postSolution
		SolutionGuid = {A8F3E36E-2BB7-4E80-95A7-2F539E9352DF}
	EndGlobalSection
EndGlobal
